
Microsoft Visual Studio Solution File, Format Version 12.00
# Visual Studio Version 16
VisualStudioVersion = 16.0.28803.202
MinimumVisualStudioVersion = 10.0.40219.1
Project("{FAE04EC0-301F-11D3-BF4B-00C04F79EFBC}") = "aspTutorial", "aspTutorial\aspTutorial.csproj", "{729D783F-9B6E-4C2B-9365-B616022F4928}"
EndProject
Global
	GlobalSection(SolutionConfigurationPlatforms) = preSolution
		Debug|Any CPU = Debug|Any CPU
		Release|Any CPU = Release|Any CPU
	EndGlobalSection
	GlobalSection(ProjectConfigurationPlatforms) = postSolution
		{729D783F-9B6E-4C2B-9365-B616022F4928}.Debug|Any CPU.ActiveCfg = Debug|Any CPU
		{729D783F-9B6E-4C2B-9365-B616022F4928}.Debug|Any CPU.Build.0 = Debug|Any CPU
		{729D783F-9B6E-4C2B-9365-B616022F4928}.Release|Any CPU.ActiveCfg = Release|Any CPU
		{729D783F-9B6E-4C2B-9365-B616022F4928}.Release|Any CPU.Build.0 = Release|Any CPU
	EndGlobalSection
	GlobalSection(SolutionProperties) = preSolution
		HideSolutionNode = FALSE
	EndGlobalSection
	GlobalSection(ExtensibilityGlobals) = postSolution
		SolutionGuid = {2011B5C3-8535-4F56-A32E-CC1CC37ADFFA}
	EndGlobalSection
EndGlobal
