{
  "name": "v4",
  "version": "1.0.0",
  "lockfileVersion": 1,
  "requires": true,
  "dependencies": {
    "@types/jquery": {
      "version": "3.3.3",
      "resolved": "https://registry.npmjs.org/@types/jquery/-/jquery-3.3.3.tgz",
      "integrity": "sha512-qKi380a9Oej0eRQR2OmkPx9m9T5fdZkMrPAEXV/yPMqiM0juKeeRtTRjxS1Y9AKt+/TjmD8Sxwk1lg3RMNxlkA=="
    },
    "jquery": {
      "version": "3.5.0",
      "resolved": "https://registry.npmjs.org/jquery/-/jquery-3.5.0.tgz",
      "integrity": "sha512-Xb7SVYMvygPxbFMpTFQiHh1J7HClEaThguL15N/Gg37Lri/qKyhRGZYzHRyLH8Stq3Aow0LsHO2O2ci86fCrNQ=="
    }
  }
}
